// !$*UTF8*$!
{
	archiveVersion = 1;
	classes = {
	};
	objectVersion = 55;
	objects = {

/* Begin PBXBuildFile section */
		3E2F4D99B441BD0529E86440 /* Pods_InstagramFirestoreTutorial.framework in Frameworks */ = {isa = PBXBuildFile; fileRef = BB16D2DB7DACE7867F764F2F /* Pods_InstagramFirestoreTutorial.framework */; };
		EB01BC1227CDDDA800041A35 /* GoogleService-Info.plist in Resources */ = {isa = PBXBuildFile; fileRef = EB01BC1127CDDDA800041A35 /* GoogleService-Info.plist */; };
		EB01BC1427CDF30E00041A35 /* ImageUploader.swift in Sources */ = {isa = PBXBuildFile; fileRef = EB01BC1327CDF30E00041A35 /* ImageUploader.swift */; };
		EB01BC1627CDFDB900041A35 /* AuthService.swift in Sources */ = {isa = PBXBuildFile; fileRef = EB01BC1527CDFDB900041A35 /* AuthService.swift */; };
		EB01BC1827CE27C700041A35 /* ProfileCell.swift in Sources */ = {isa = PBXBuildFile; fileRef = EB01BC1727CE27C700041A35 /* ProfileCell.swift */; };
		EB01BC1A27CE27D100041A35 /* ProfileHeader.swift in Sources */ = {isa = PBXBuildFile; fileRef = EB01BC1927CE27D100041A35 /* ProfileHeader.swift */; };
		EB6425D427BC2F7C00D75827 /* FeedCell.swift in Sources */ = {isa = PBXBuildFile; fileRef = EB6425D327BC2F7C00D75827 /* FeedCell.swift */; };
		EB6425D627BC303A00D75827 /* Extensions.swift in Sources */ = {isa = PBXBuildFile; fileRef = EB6425D527BC303A00D75827 /* Extensions.swift */; };
		EBC18D3827BECA6C00F33F59 /* LoginController.swift in Sources */ = {isa = PBXBuildFile; fileRef = EBC18D3727BECA6C00F33F59 /* LoginController.swift */; };
		EBC18D3A27BECA7400F33F59 /* RegistrationController.swift in Sources */ = {isa = PBXBuildFile; fileRef = EBC18D3927BECA7400F33F59 /* RegistrationController.swift */; };
		EBC18D3C27BED2AD00F33F59 /* CustomTextField.swift in Sources */ = {isa = PBXBuildFile; fileRef = EBC18D3B27BED2AD00F33F59 /* CustomTextField.swift */; };
		EBC18D3E27BF75A700F33F59 /* AuthenticationViewModel.swift in Sources */ = {isa = PBXBuildFile; fileRef = EBC18D3D27BF75A700F33F59 /* AuthenticationViewModel.swift */; };
		EBD0D05827D7BA880007E5AF /* UserService.swift in Sources */ = {isa = PBXBuildFile; fileRef = EBD0D05727D7BA880007E5AF /* UserService.swift */; };
		EBD0D05A27D7BA990007E5AF /* Constants.swift in Sources */ = {isa = PBXBuildFile; fileRef = EBD0D05927D7BA990007E5AF /* Constants.swift */; };
		EBD0D05C27D7BC750007E5AF /* User.swift in Sources */ = {isa = PBXBuildFile; fileRef = EBD0D05B27D7BC750007E5AF /* User.swift */; };
		EBD0D05E27D7CF0D0007E5AF /* ProfileHeaderViewModel.swift in Sources */ = {isa = PBXBuildFile; fileRef = EBD0D05D27D7CF0D0007E5AF /* ProfileHeaderViewModel.swift */; };
		EBE37F8127B9023C005383BA /* AppDelegate.swift in Sources */ = {isa = PBXBuildFile; fileRef = EBE37F8027B9023C005383BA /* AppDelegate.swift */; };
		EBE37F8327B9023C005383BA /* SceneDelegate.swift in Sources */ = {isa = PBXBuildFile; fileRef = EBE37F8227B9023C005383BA /* SceneDelegate.swift */; };
		EBE37F8527B9023C005383BA /* ViewController.swift in Sources */ = {isa = PBXBuildFile; fileRef = EBE37F8427B9023C005383BA /* ViewController.swift */; };
		EBE37F8827B9023C005383BA /* Main.storyboard in Resources */ = {isa = PBXBuildFile; fileRef = EBE37F8627B9023C005383BA /* Main.storyboard */; };
		EBE37F8A27B9023E005383BA /* Assets.xcassets in Resources */ = {isa = PBXBuildFile; fileRef = EBE37F8927B9023E005383BA /* Assets.xcassets */; };
		EBE37F8D27B9023E005383BA /* LaunchScreen.storyboard in Resources */ = {isa = PBXBuildFile; fileRef = EBE37F8B27B9023E005383BA /* LaunchScreen.storyboard */; };
		EBE37F9B27B902BB005383BA /* MainTabController.swift in Sources */ = {isa = PBXBuildFile; fileRef = EBE37F9A27B902BB005383BA /* MainTabController.swift */; };
		EBE37F9D27B90412005383BA /* FeedController.swift in Sources */ = {isa = PBXBuildFile; fileRef = EBE37F9C27B90412005383BA /* FeedController.swift */; };
		EBE37F9F27B9041D005383BA /* SearchController.swift in Sources */ = {isa = PBXBuildFile; fileRef = EBE37F9E27B9041D005383BA /* SearchController.swift */; };
		EBE37FA127B9042A005383BA /* ImageSelectorController.swift in Sources */ = {isa = PBXBuildFile; fileRef = EBE37FA027B9042A005383BA /* ImageSelectorController.swift */; };
		EBE37FA327B90437005383BA /* NotificationController.swift in Sources */ = {isa = PBXBuildFile; fileRef = EBE37FA227B90437005383BA /* NotificationController.swift */; };
		EBE37FA527B9043E005383BA /* ProfileController.swift in Sources */ = {isa = PBXBuildFile; fileRef = EBE37FA427B9043E005383BA /* ProfileController.swift */; };
/* End PBXBuildFile section */

/* Begin PBXFileReference section */
		19DA42CDF83F2A1E901C2783 /* Pods-InstagramFirestoreTutorial.debug.xcconfig */ = {isa = PBXFileReference; includeInIndex = 1; lastKnownFileType = text.xcconfig; name = "Pods-InstagramFirestoreTutorial.debug.xcconfig"; path = "Target Support Files/Pods-InstagramFirestoreTutorial/Pods-InstagramFirestoreTutorial.debug.xcconfig"; sourceTree = "<group>"; };
		9E591972C983C8202EF0E631 /* Pods-InstagramFirestoreTutorial.release.xcconfig */ = {isa = PBXFileReference; includeInIndex = 1; lastKnownFileType = text.xcconfig; name = "Pods-InstagramFirestoreTutorial.release.xcconfig"; path = "Target Support Files/Pods-InstagramFirestoreTutorial/Pods-InstagramFirestoreTutorial.release.xcconfig"; sourceTree = "<group>"; };
		BB16D2DB7DACE7867F764F2F /* Pods_InstagramFirestoreTutorial.framework */ = {isa = PBXFileReference; explicitFileType = wrapper.framework; includeInIndex = 0; path = Pods_InstagramFirestoreTutorial.framework; sourceTree = BUILT_PRODUCTS_DIR; };
		EB01BC1127CDDDA800041A35 /* GoogleService-Info.plist */ = {isa = PBXFileReference; fileEncoding = 4; lastKnownFileType = text.plist.xml; path = "GoogleService-Info.plist"; sourceTree = "<group>"; };
		EB01BC1327CDF30E00041A35 /* ImageUploader.swift */ = {isa = PBXFileReference; lastKnownFileType = sourcecode.swift; path = ImageUploader.swift; sourceTree = "<group>"; };
		EB01BC1527CDFDB900041A35 /* AuthService.swift */ = {isa = PBXFileReference; lastKnownFileType = sourcecode.swift; path = AuthService.swift; sourceTree = "<group>"; };
		EB01BC1727CE27C700041A35 /* ProfileCell.swift */ = {isa = PBXFileReference; lastKnownFileType = sourcecode.swift; path = ProfileCell.swift; sourceTree = "<group>"; };
		EB01BC1927CE27D100041A35 /* ProfileHeader.swift */ = {isa = PBXFileReference; lastKnownFileType = sourcecode.swift; path = ProfileHeader.swift; sourceTree = "<group>"; };
		EB6425D327BC2F7C00D75827 /* FeedCell.swift */ = {isa = PBXFileReference; lastKnownFileType = sourcecode.swift; path = FeedCell.swift; sourceTree = "<group>"; };
		EB6425D527BC303A00D75827 /* Extensions.swift */ = {isa = PBXFileReference; lastKnownFileType = sourcecode.swift; path = Extensions.swift; sourceTree = "<group>"; };
		EBC18D3727BECA6C00F33F59 /* LoginController.swift */ = {isa = PBXFileReference; lastKnownFileType = sourcecode.swift; path = LoginController.swift; sourceTree = "<group>"; };
		EBC18D3927BECA7400F33F59 /* RegistrationController.swift */ = {isa = PBXFileReference; lastKnownFileType = sourcecode.swift; path = RegistrationController.swift; sourceTree = "<group>"; };
		EBC18D3B27BED2AD00F33F59 /* CustomTextField.swift */ = {isa = PBXFileReference; lastKnownFileType = sourcecode.swift; path = CustomTextField.swift; sourceTree = "<group>"; };
		EBC18D3D27BF75A700F33F59 /* AuthenticationViewModel.swift */ = {isa = PBXFileReference; lastKnownFileType = sourcecode.swift; path = AuthenticationViewModel.swift; sourceTree = "<group>"; };
		EBD0D05727D7BA880007E5AF /* UserService.swift */ = {isa = PBXFileReference; lastKnownFileType = sourcecode.swift; path = UserService.swift; sourceTree = "<group>"; };
		EBD0D05927D7BA990007E5AF /* Constants.swift */ = {isa = PBXFileReference; lastKnownFileType = sourcecode.swift; path = Constants.swift; sourceTree = "<group>"; };
		EBD0D05B27D7BC750007E5AF /* User.swift */ = {isa = PBXFileReference; lastKnownFileType = sourcecode.swift; path = User.swift; sourceTree = "<group>"; };
		EBD0D05D27D7CF0D0007E5AF /* ProfileHeaderViewModel.swift */ = {isa = PBXFileReference; lastKnownFileType = sourcecode.swift; path = ProfileHeaderViewModel.swift; sourceTree = "<group>"; };
		EBE37F7D27B9023C005383BA /* InstagramFirestoreTutorial.app */ = {isa = PBXFileReference; explicitFileType = wrapper.application; includeInIndex = 0; path = InstagramFirestoreTutorial.app; sourceTree = BUILT_PRODUCTS_DIR; };
		EBE37F8027B9023C005383BA /* AppDelegate.swift */ = {isa = PBXFileReference; lastKnownFileType = sourcecode.swift; path = AppDelegate.swift; sourceTree = "<group>"; };
		EBE37F8227B9023C005383BA /* SceneDelegate.swift */ = {isa = PBXFileReference; lastKnownFileType = sourcecode.swift; path = SceneDelegate.swift; sourceTree = "<group>"; };
		EBE37F8427B9023C005383BA /* ViewController.swift */ = {isa = PBXFileReference; lastKnownFileType = sourcecode.swift; path = ViewController.swift; sourceTree = "<group>"; };
		EBE37F8727B9023C005383BA /* Base */ = {isa = PBXFileReference; lastKnownFileType = file.storyboard; name = Base; path = Base.lproj/Main.storyboard; sourceTree = "<group>"; };
		EBE37F8927B9023E005383BA /* Assets.xcassets */ = {isa = PBXFileReference; lastKnownFileType = folder.assetcatalog; path = Assets.xcassets; sourceTree = "<group>"; };
		EBE37F8C27B9023E005383BA /* Base */ = {isa = PBXFileReference; lastKnownFileType = file.storyboard; name = Base; path = Base.lproj/LaunchScreen.storyboard; sourceTree = "<group>"; };
		EBE37F8E27B9023E005383BA /* Info.plist */ = {isa = PBXFileReference; lastKnownFileType = text.plist.xml; path = Info.plist; sourceTree = "<group>"; };
		EBE37F9A27B902BB005383BA /* MainTabController.swift */ = {isa = PBXFileReference; lastKnownFileType = sourcecode.swift; path = MainTabController.swift; sourceTree = "<group>"; };
		EBE37F9C27B90412005383BA /* FeedController.swift */ = {isa = PBXFileReference; lastKnownFileType = sourcecode.swift; path = FeedController.swift; sourceTree = "<group>"; };
		EBE37F9E27B9041D005383BA /* SearchController.swift */ = {isa = PBXFileReference; lastKnownFileType = sourcecode.swift; path = SearchController.swift; sourceTree = "<group>"; };
		EBE37FA027B9042A005383BA /* ImageSelectorController.swift */ = {isa = PBXFileReference; lastKnownFileType = sourcecode.swift; path = ImageSelectorController.swift; sourceTree = "<group>"; };
		EBE37FA227B90437005383BA /* NotificationController.swift */ = {isa = PBXFileReference; lastKnownFileType = sourcecode.swift; path = NotificationController.swift; sourceTree = "<group>"; };
		EBE37FA427B9043E005383BA /* ProfileController.swift */ = {isa = PBXFileReference; lastKnownFileType = sourcecode.swift; path = ProfileController.swift; sourceTree = "<group>"; };
/* End PBXFileReference section */

/* Begin PBXFrameworksBuildPhase section */
		EBE37F7A27B9023C005383BA /* Frameworks */ = {
			isa = PBXFrameworksBuildPhase;
			buildActionMask = 2147483647;
			files = (
				3E2F4D99B441BD0529E86440 /* Pods_InstagramFirestoreTutorial.framework in Frameworks */,
			);
			runOnlyForDeploymentPostprocessing = 0;
		};
/* End PBXFrameworksBuildPhase section */

/* Begin PBXGroup section */
		0D1DE7FCCA31D47C7358CF6A /* Frameworks */ = {
			isa = PBXGroup;
			children = (
				BB16D2DB7DACE7867F764F2F /* Pods_InstagramFirestoreTutorial.framework */,
			);
			name = Frameworks;
			sourceTree = "<group>";
		};
		E89753D7CC31C726D33735BF /* Pods */ = {
			isa = PBXGroup;
			children = (
				19DA42CDF83F2A1E901C2783 /* Pods-InstagramFirestoreTutorial.debug.xcconfig */,
				9E591972C983C8202EF0E631 /* Pods-InstagramFirestoreTutorial.release.xcconfig */,
			);
			path = Pods;
			sourceTree = "<group>";
		};
		EB01BC1B27CE27D500041A35 /* Profile */ = {
			isa = PBXGroup;
			children = (
				EB01BC1727CE27C700041A35 /* ProfileCell.swift */,
				EB01BC1927CE27D100041A35 /* ProfileHeader.swift */,
			);
			path = Profile;
			sourceTree = "<group>";
		};
		EB6425CE27BC2F5A00D75827 /* Utils */ = {
			isa = PBXGroup;
			children = (
				EB6425D527BC303A00D75827 /* Extensions.swift */,
				EBD0D05927D7BA990007E5AF /* Constants.swift */,
			);
			path = Utils;
			sourceTree = "<group>";
		};
		EB6425CF27BC2F5B00D75827 /* API */ = {
			isa = PBXGroup;
			children = (
				EB01BC1327CDF30E00041A35 /* ImageUploader.swift */,
				EB01BC1527CDFDB900041A35 /* AuthService.swift */,
				EBD0D05727D7BA880007E5AF /* UserService.swift */,
			);
			path = API;
			sourceTree = "<group>";
		};
		EB6425D027BC2F5C00D75827 /* ViewModel */ = {
			isa = PBXGroup;
			children = (
				EBC18D3D27BF75A700F33F59 /* AuthenticationViewModel.swift */,
				EBD0D05D27D7CF0D0007E5AF /* ProfileHeaderViewModel.swift */,
			);
			path = ViewModel;
			sourceTree = "<group>";
		};
		EB6425D127BC2F5D00D75827 /* View */ = {
			isa = PBXGroup;
			children = (
				EB6425D327BC2F7C00D75827 /* FeedCell.swift */,
				EBC18D3B27BED2AD00F33F59 /* CustomTextField.swift */,
				EB01BC1B27CE27D500041A35 /* Profile */,
			);
			path = View;
			sourceTree = "<group>";
		};
		EB6425D227BC2F6000D75827 /* Model */ = {
			isa = PBXGroup;
			children = (
				EBD0D05B27D7BC750007E5AF /* User.swift */,
			);
			path = Model;
			sourceTree = "<group>";
		};
		EBC18D3627BECA5B00F33F59 /* Authentication */ = {
			isa = PBXGroup;
			children = (
				EBC18D3727BECA6C00F33F59 /* LoginController.swift */,
				EBC18D3927BECA7400F33F59 /* RegistrationController.swift */,
			);
			path = Authentication;
			sourceTree = "<group>";
		};
		EBE37F7427B9023C005383BA = {
			isa = PBXGroup;
			children = (
				EBE37F7F27B9023C005383BA /* InstagramFirestoreTutorial */,
				EBE37F7E27B9023C005383BA /* Products */,
				E89753D7CC31C726D33735BF /* Pods */,
				0D1DE7FCCA31D47C7358CF6A /* Frameworks */,
			);
			sourceTree = "<group>";
		};
		EBE37F7E27B9023C005383BA /* Products */ = {
			isa = PBXGroup;
			children = (
				EBE37F7D27B9023C005383BA /* InstagramFirestoreTutorial.app */,
			);
			name = Products;
			sourceTree = "<group>";
		};
		EBE37F7F27B9023C005383BA /* InstagramFirestoreTutorial */ = {
			isa = PBXGroup;
			children = (
				EB6425D227BC2F6000D75827 /* Model */,
				EB6425D127BC2F5D00D75827 /* View */,
				EB6425D027BC2F5C00D75827 /* ViewModel */,
				EB6425CF27BC2F5B00D75827 /* API */,
				EB6425CE27BC2F5A00D75827 /* Utils */,
				EBE37F9627B9024A005383BA /* Controller */,
				EBE37F8027B9023C005383BA /* AppDelegate.swift */,
				EBE37F8227B9023C005383BA /* SceneDelegate.swift */,
				EBE37F8427B9023C005383BA /* ViewController.swift */,
				EBE37F8627B9023C005383BA /* Main.storyboard */,
				EBE37F8927B9023E005383BA /* Assets.xcassets */,
				EBE37F8B27B9023E005383BA /* LaunchScreen.storyboard */,
				EBE37F8E27B9023E005383BA /* Info.plist */,
				EB01BC1127CDDDA800041A35 /* GoogleService-Info.plist */,
			);
			path = InstagramFirestoreTutorial;
			sourceTree = "<group>";
		};
		EBE37F9627B9024A005383BA /* Controller */ = {
			isa = PBXGroup;
			children = (
				EBC18D3627BECA5B00F33F59 /* Authentication */,
				EBE37F9A27B902BB005383BA /* MainTabController.swift */,
				EBE37F9C27B90412005383BA /* FeedController.swift */,
				EBE37F9E27B9041D005383BA /* SearchController.swift */,
				EBE37FA027B9042A005383BA /* ImageSelectorController.swift */,
				EBE37FA227B90437005383BA /* NotificationController.swift */,
				EBE37FA427B9043E005383BA /* ProfileController.swift */,
			);
			path = Controller;
			sourceTree = "<group>";
		};
/* End PBXGroup section */

/* Begin PBXNativeTarget section */
		EBE37F7C27B9023C005383BA /* InstagramFirestoreTutorial */ = {
			isa = PBXNativeTarget;
			buildConfigurationList = EBE37F9127B9023E005383BA /* Build configuration list for PBXNativeTarget "InstagramFirestoreTutorial" */;
			buildPhases = (
				F5659F86A07AA5D043046E91 /* [CP] Check Pods Manifest.lock */,
				EBE37F7927B9023C005383BA /* Sources */,
				EBE37F7A27B9023C005383BA /* Frameworks */,
				EBE37F7B27B9023C005383BA /* Resources */,
				E12E29BC713A63F31DC8CB31 /* [CP] Embed Pods Frameworks */,
			);
			buildRules = (
			);
			dependencies = (
			);
			name = InstagramFirestoreTutorial;
			productName = InstagramFirestoreTutorial;
			productReference = EBE37F7D27B9023C005383BA /* InstagramFirestoreTutorial.app */;
			productType = "com.apple.product-type.application";
		};
/* End PBXNativeTarget section */

/* Begin PBXProject section */
		EBE37F7527B9023C005383BA /* Project object */ = {
			isa = PBXProject;
			attributes = {
				BuildIndependentTargetsInParallel = 1;
				LastSwiftUpdateCheck = 1300;
				LastUpgradeCheck = 1300;
				TargetAttributes = {
					EBE37F7C27B9023C005383BA = {
						CreatedOnToolsVersion = 13.0;
					};
				};
			};
			buildConfigurationList = EBE37F7827B9023C005383BA /* Build configuration list for PBXProject "InstagramFirestoreTutorial" */;
			compatibilityVersion = "Xcode 13.0";
			developmentRegion = en;
			hasScannedForEncodings = 0;
			knownRegions = (
				en,
				Base,
			);
			mainGroup = EBE37F7427B9023C005383BA;
			productRefGroup = EBE37F7E27B9023C005383BA /* Products */;
			projectDirPath = "";
			projectRoot = "";
			targets = (
				EBE37F7C27B9023C005383BA /* InstagramFirestoreTutorial */,
			);
		};
/* End PBXProject section */

/* Begin PBXResourcesBuildPhase section */
		EBE37F7B27B9023C005383BA /* Resources */ = {
			isa = PBXResourcesBuildPhase;
			buildActionMask = 2147483647;
			files = (
				EBE37F8D27B9023E005383BA /* LaunchScreen.storyboard in Resources */,
				EB01BC1227CDDDA800041A35 /* GoogleService-Info.plist in Resources */,
				EBE37F8A27B9023E005383BA /* Assets.xcassets in Resources */,
				EBE37F8827B9023C005383BA /* Main.storyboard in Resources */,
			);
			runOnlyForDeploymentPostprocessing = 0;
		};
/* End PBXResourcesBuildPhase section */

/* Begin PBXShellScriptBuildPhase section */
		E12E29BC713A63F31DC8CB31 /* [CP] Embed Pods Frameworks */ = {
			isa = PBXShellScriptBuildPhase;
			buildActionMask = 2147483647;
			files = (
			);
			inputFileListPaths = (
				"${PODS_ROOT}/Target Support Files/Pods-InstagramFirestoreTutorial/Pods-InstagramFirestoreTutorial-frameworks-${CONFIGURATION}-input-files.xcfilelist",
			);
			name = "[CP] Embed Pods Frameworks";
			outputFileListPaths = (
				"${PODS_ROOT}/Target Support Files/Pods-InstagramFirestoreTutorial/Pods-InstagramFirestoreTutorial-frameworks-${CONFIGURATION}-output-files.xcfilelist",
			);
			runOnlyForDeploymentPostprocessing = 0;
			shellPath = /bin/sh;
			shellScript = "\"${PODS_ROOT}/Target Support Files/Pods-InstagramFirestoreTutorial/Pods-InstagramFirestoreTutorial-frameworks.sh\"\n";
			showEnvVarsInLog = 0;
		};
		F5659F86A07AA5D043046E91 /* [CP] Check Pods Manifest.lock */ = {
			isa = PBXShellScriptBuildPhase;
			buildActionMask = 2147483647;
			files = (
			);
			inputFileListPaths = (
			);
			inputPaths = (
				"${PODS_PODFILE_DIR_PATH}/Podfile.lock",
				"${PODS_ROOT}/Manifest.lock",
			);
			name = "[CP] Check Pods Manifest.lock";
			outputFileListPaths = (
			);
			outputPaths = (
				"$(DERIVED_FILE_DIR)/Pods-InstagramFirestoreTutorial-checkManifestLockResult.txt",
			);
			runOnlyForDeploymentPostprocessing = 0;
			shellPath = /bin/sh;
			shellScript = "diff \"${PODS_PODFILE_DIR_PATH}/Podfile.lock\" \"${PODS_ROOT}/Manifest.lock\" > /dev/null\nif [ $? != 0 ] ; then\n    # print error to STDERR\n    echo \"error: The sandbox is not in sync with the Podfile.lock. Run 'pod install' or update your CocoaPods installation.\" >&2\n    exit 1\nfi\n# This output is used by Xcode 'outputs' to avoid re-running this script phase.\necho \"SUCCESS\" > \"${SCRIPT_OUTPUT_FILE_0}\"\n";
			showEnvVarsInLog = 0;
		};
/* End PBXShellScriptBuildPhase section */

/* Begin PBXSourcesBuildPhase section */
		EBE37F7927B9023C005383BA /* Sources */ = {
			isa = PBXSourcesBuildPhase;
			buildActionMask = 2147483647;
			files = (
				EBC18D3C27BED2AD00F33F59 /* CustomTextField.swift in Sources */,
				EB01BC1A27CE27D100041A35 /* ProfileHeader.swift in Sources */,
				EBE37F8527B9023C005383BA /* ViewController.swift in Sources */,
				EBC18D3827BECA6C00F33F59 /* LoginController.swift in Sources */,
				EB6425D427BC2F7C00D75827 /* FeedCell.swift in Sources */,
				EBE37F9F27B9041D005383BA /* SearchController.swift in Sources */,
				EBE37FA327B90437005383BA /* NotificationController.swift in Sources */,
				EBC18D3E27BF75A700F33F59 /* AuthenticationViewModel.swift in Sources */,
				EBE37FA127B9042A005383BA /* ImageSelectorController.swift in Sources */,
				EBE37F8127B9023C005383BA /* AppDelegate.swift in Sources */,
				EBD0D05C27D7BC750007E5AF /* User.swift in Sources */,
				EBE37FA527B9043E005383BA /* ProfileController.swift in Sources */,
				EBD0D05E27D7CF0D0007E5AF /* ProfileHeaderViewModel.swift in Sources */,
				EBD0D05A27D7BA990007E5AF /* Constants.swift in Sources */,
				EBE37F9D27B90412005383BA /* FeedController.swift in Sources */,
				EBE37F9B27B902BB005383BA /* MainTabController.swift in Sources */,
				EB6425D627BC303A00D75827 /* Extensions.swift in Sources */,
				EB01BC1427CDF30E00041A35 /* ImageUploader.swift in Sources */,
				EB01BC1627CDFDB900041A35 /* AuthService.swift in Sources */,
				EBD0D05827D7BA880007E5AF /* UserService.swift in Sources */,
				EB01BC1827CE27C700041A35 /* ProfileCell.swift in Sources */,
				EBE37F8327B9023C005383BA /* SceneDelegate.swift in Sources */,
				EBC18D3A27BECA7400F33F59 /* RegistrationController.swift in Sources */,
			);
			runOnlyForDeploymentPostprocessing = 0;
		};
/* End PBXSourcesBuildPhase section */

/* Begin PBXVariantGroup section */
		EBE37F8627B9023C005383BA /* Main.storyboard */ = {
			isa = PBXVariantGroup;
			children = (
				EBE37F8727B9023C005383BA /* Base */,
			);
			name = Main.storyboard;
			sourceTree = "<group>";
		};
		EBE37F8B27B9023E005383BA /* LaunchScreen.storyboard */ = {
			isa = PBXVariantGroup;
			children = (
				EBE37F8C27B9023E005383BA /* Base */,
			);
			name = LaunchScreen.storyboard;
			sourceTree = "<group>";
		};
/* End PBXVariantGroup section */

/* Begin XCBuildConfiguration section */
		EBE37F8F27B9023E005383BA /* Debug */ = {
			isa = XCBuildConfiguration;
			buildSettings = {
				ALWAYS_SEARCH_USER_PATHS = NO;
				CLANG_ANALYZER_NONNULL = YES;
				CLANG_ANALYZER_NUMBER_OBJECT_CONVERSION = YES_AGGRESSIVE;
				CLANG_CXX_LANGUAGE_STANDARD = "gnu++17";
				CLANG_CXX_LIBRARY = "libc++";
				CLANG_ENABLE_MODULES = YES;
				CLANG_ENABLE_OBJC_ARC = YES;
				CLANG_ENABLE_OBJC_WEAK = YES;
				CLANG_WARN_BLOCK_CAPTURE_AUTORELEASING = YES;
				CLANG_WARN_BOOL_CONVERSION = YES;
				CLANG_WARN_COMMA = YES;
				CLANG_WARN_CONSTANT_CONVERSION = YES;
				CLANG_WARN_DEPRECATED_OBJC_IMPLEMENTATIONS = YES;
				CLANG_WARN_DIRECT_OBJC_ISA_USAGE = YES_ERROR;
				CLANG_WARN_DOCUMENTATION_COMMENTS = YES;
				CLANG_WARN_EMPTY_BODY = YES;
				CLANG_WARN_ENUM_CONVERSION = YES;
				CLANG_WARN_INFINITE_RECURSION = YES;
				CLANG_WARN_INT_CONVERSION = YES;
				CLANG_WARN_NON_LITERAL_NULL_CONVERSION = YES;
				CLANG_WARN_OBJC_IMPLICIT_RETAIN_SELF = YES;
				CLANG_WARN_OBJC_LITERAL_CONVERSION = YES;
				CLANG_WARN_OBJC_ROOT_CLASS = YES_ERROR;
				CLANG_WARN_QUOTED_INCLUDE_IN_FRAMEWORK_HEADER = YES;
				CLANG_WARN_RANGE_LOOP_ANALYSIS = YES;
				CLANG_WARN_STRICT_PROTOTYPES = YES;
				CLANG_WARN_SUSPICIOUS_MOVE = YES;
				CLANG_WARN_UNGUARDED_AVAILABILITY = YES_AGGRESSIVE;
				CLANG_WARN_UNREACHABLE_CODE = YES;
				CLANG_WARN__DUPLICATE_METHOD_MATCH = YES;
				COPY_PHASE_STRIP = NO;
				DEBUG_INFORMATION_FORMAT = dwarf;
				ENABLE_STRICT_OBJC_MSGSEND = YES;
				ENABLE_TESTABILITY = YES;
				GCC_C_LANGUAGE_STANDARD = gnu11;
				GCC_DYNAMIC_NO_PIC = NO;
				GCC_NO_COMMON_BLOCKS = YES;
				GCC_OPTIMIZATION_LEVEL = 0;
				GCC_PREPROCESSOR_DEFINITIONS = (
					"DEBUG=1",
					"$(inherited)",
				);
				GCC_WARN_64_TO_32_BIT_CONVERSION = YES;
				GCC_WARN_ABOUT_RETURN_TYPE = YES_ERROR;
				GCC_WARN_UNDECLARED_SELECTOR = YES;
				GCC_WARN_UNINITIALIZED_AUTOS = YES_AGGRESSIVE;
				GCC_WARN_UNUSED_FUNCTION = YES;
				GCC_WARN_UNUSED_VARIABLE = YES;
				IPHONEOS_DEPLOYMENT_TARGET = 15.0;
				MTL_ENABLE_DEBUG_INFO = INCLUDE_SOURCE;
				MTL_FAST_MATH = YES;
				ONLY_ACTIVE_ARCH = YES;
				SDKROOT = iphoneos;
				SWIFT_ACTIVE_COMPILATION_CONDITIONS = DEBUG;
				SWIFT_OPTIMIZATION_LEVEL = "-Onone";
			};
			name = Debug;
		};
		EBE37F9027B9023E005383BA /* Release */ = {
			isa = XCBuildConfiguration;
			buildSettings = {
				ALWAYS_SEARCH_USER_PATHS = NO;
				CLANG_ANALYZER_NONNULL = YES;
				CLANG_ANALYZER_NUMBER_OBJECT_CONVERSION = YES_AGGRESSIVE;
				CLANG_CXX_LANGUAGE_STANDARD = "gnu++17";
				CLANG_CXX_LIBRARY = "libc++";
				CLANG_ENABLE_MODULES = YES;
				CLANG_ENABLE_OBJC_ARC = YES;
				CLANG_ENABLE_OBJC_WEAK = YES;
				CLANG_WARN_BLOCK_CAPTURE_AUTORELEASING = YES;
				CLANG_WARN_BOOL_CONVERSION = YES;
				CLANG_WARN_COMMA = YES;
				CLANG_WARN_CONSTANT_CONVERSION = YES;
				CLANG_WARN_DEPRECATED_OBJC_IMPLEMENTATIONS = YES;
				CLANG_WARN_DIRECT_OBJC_ISA_USAGE = YES_ERROR;
				CLANG_WARN_DOCUMENTATION_COMMENTS = YES;
				CLANG_WARN_EMPTY_BODY = YES;
				CLANG_WARN_ENUM_CONVERSION = YES;
				CLANG_WARN_INFINITE_RECURSION = YES;
				CLANG_WARN_INT_CONVERSION = YES;
				CLANG_WARN_NON_LITERAL_NULL_CONVERSION = YES;
				CLANG_WARN_OBJC_IMPLICIT_RETAIN_SELF = YES;
				CLANG_WARN_OBJC_LITERAL_CONVERSION = YES;
				CLANG_WARN_OBJC_ROOT_CLASS = YES_ERROR;
				CLANG_WARN_QUOTED_INCLUDE_IN_FRAMEWORK_HEADER = YES;
				CLANG_WARN_RANGE_LOOP_ANALYSIS = YES;
				CLANG_WARN_STRICT_PROTOTYPES = YES;
				CLANG_WARN_SUSPICIOUS_MOVE = YES;
				CLANG_WARN_UNGUARDED_AVAILABILITY = YES_AGGRESSIVE;
				CLANG_WARN_UNREACHABLE_CODE = YES;
				CLANG_WARN__DUPLICATE_METHOD_MATCH = YES;
				COPY_PHASE_STRIP = NO;
				DEBUG_INFORMATION_FORMAT = "dwarf-with-dsym";
				ENABLE_NS_ASSERTIONS = NO;
				ENABLE_STRICT_OBJC_MSGSEND = YES;
				GCC_C_LANGUAGE_STANDARD = gnu11;
				GCC_NO_COMMON_BLOCKS = YES;
				GCC_WARN_64_TO_32_BIT_CONVERSION = YES;
				GCC_WARN_ABOUT_RETURN_TYPE = YES_ERROR;
				GCC_WARN_UNDECLARED_SELECTOR = YES;
				GCC_WARN_UNINITIALIZED_AUTOS = YES_AGGRESSIVE;
				GCC_WARN_UNUSED_FUNCTION = YES;
				GCC_WARN_UNUSED_VARIABLE = YES;
				IPHONEOS_DEPLOYMENT_TARGET = 15.0;
				MTL_ENABLE_DEBUG_INFO = NO;
				MTL_FAST_MATH = YES;
				SDKROOT = iphoneos;
				SWIFT_COMPILATION_MODE = wholemodule;
				SWIFT_OPTIMIZATION_LEVEL = "-O";
				VALIDATE_PRODUCT = YES;
			};
			name = Release;
		};
		EBE37F9227B9023E005383BA /* Debug */ = {
			isa = XCBuildConfiguration;
			baseConfigurationReference = 19DA42CDF83F2A1E901C2783 /* Pods-InstagramFirestoreTutorial.debug.xcconfig */;
			buildSettings = {
				ASSETCATALOG_COMPILER_APPICON_NAME = AppIcon;
				ASSETCATALOG_COMPILER_GLOBAL_ACCENT_COLOR_NAME = AccentColor;
				CODE_SIGN_STYLE = Automatic;
				CURRENT_PROJECT_VERSION = 1;
				DEVELOPMENT_TEAM = FY8N9XTH66;
				GENERATE_INFOPLIST_FILE = YES;
				INFOPLIST_FILE = InstagramFirestoreTutorial/Info.plist;
				INFOPLIST_KEY_UIApplicationSupportsIndirectInputEvents = YES;
				INFOPLIST_KEY_UILaunchStoryboardName = LaunchScreen;
				INFOPLIST_KEY_UIMainStoryboardFile = Main;
				INFOPLIST_KEY_UISupportedInterfaceOrientations_iPad = "UIInterfaceOrientationPortrait UIInterfaceOrientationPortraitUpsideDown UIInterfaceOrientationLandscapeLeft UIInterfaceOrientationLandscapeRight";
				INFOPLIST_KEY_UISupportedInterfaceOrientations_iPhone = "UIInterfaceOrientationPortrait UIInterfaceOrientationLandscapeLeft UIInterfaceOrientationLandscapeRight";
				LD_RUNPATH_SEARCH_PATHS = (
					"$(inherited)",
					"@executable_path/Frameworks",
				);
				MARKETING_VERSION = 1.0;
				PRODUCT_BUNDLE_IDENTIFIER = com.seolagir.InstagramFirestoreTutorial;
				PRODUCT_NAME = "$(TARGET_NAME)";
				SWIFT_EMIT_LOC_STRINGS = YES;
				SWIFT_VERSION = 5.0;
				TARGETED_DEVICE_FAMILY = "1,2";
			};
			name = Debug;
		};
		EBE37F9327B9023E005383BA /* Release */ = {
			isa = XCBuildConfiguration;
			baseConfigurationReference = 9E591972C983C8202EF0E631 /* Pods-InstagramFirestoreTutorial.release.xcconfig */;
			buildSettings = {
				ASSETCATALOG_COMPILER_APPICON_NAME = AppIcon;
				ASSETCATALOG_COMPILER_GLOBAL_ACCENT_COLOR_NAME = AccentColor;
				CODE_SIGN_STYLE = Automatic;
				CURRENT_PROJECT_VERSION = 1;
				DEVELOPMENT_TEAM = FY8N9XTH66;
				GENERATE_INFOPLIST_FILE = YES;
				INFOPLIST_FILE = InstagramFirestoreTutorial/Info.plist;
				INFOPLIST_KEY_UIApplicationSupportsIndirectInputEvents = YES;
				INFOPLIST_KEY_UILaunchStoryboardName = LaunchScreen;
				INFOPLIST_KEY_UIMainStoryboardFile = Main;
				INFOPLIST_KEY_UISupportedInterfaceOrientations_iPad = "UIInterfaceOrientationPortrait UIInterfaceOrientationPortraitUpsideDown UIInterfaceOrientationLandscapeLeft UIInterfaceOrientationLandscapeRight";
				INFOPLIST_KEY_UISupportedInterfaceOrientations_iPhone = "UIInterfaceOrientationPortrait UIInterfaceOrientationLandscapeLeft UIInterfaceOrientationLandscapeRight";
				LD_RUNPATH_SEARCH_PATHS = (
					"$(inherited)",
					"@executable_path/Frameworks",
				);
				MARKETING_VERSION = 1.0;
				PRODUCT_BUNDLE_IDENTIFIER = com.seolagir.InstagramFirestoreTutorial;
				PRODUCT_NAME = "$(TARGET_NAME)";
				SWIFT_EMIT_LOC_STRINGS = YES;
				SWIFT_VERSION = 5.0;
				TARGETED_DEVICE_FAMILY = "1,2";
			};
			name = Release;
		};
/* End XCBuildConfiguration section */

/* Begin XCConfigurationList section */
		EBE37F7827B9023C005383BA /* Build configuration list for PBXProject "InstagramFirestoreTutorial" */ = {
			isa = XCConfigurationList;
			buildConfigurations = (
				EBE37F8F27B9023E005383BA /* Debug */,
				EBE37F9027B9023E005383BA /* Release */,
			);
			defaultConfigurationIsVisible = 0;
			defaultConfigurationName = Release;
		};
		EBE37F9127B9023E005383BA /* Build configuration list for PBXNativeTarget "InstagramFirestoreTutorial" */ = {
			isa = XCConfigurationList;
			buildConfigurations = (
				EBE37F9227B9023E005383BA /* Debug */,
				EBE37F9327B9023E005383BA /* Release */,
			);
			defaultConfigurationIsVisible = 0;
			defaultConfigurationName = Release;
		};
/* End XCConfigurationList section */
	};
	rootObject = EBE37F7527B9023C005383BA /* Project object */;
}
